
Microsoft Visual Studio Solution File, Format Version 12.00
# Visual Studio Version 16
VisualStudioVersion = 16.0.31911.196
MinimumVisualStudioVersion = 10.0.40219.1
Project("{FAE04EC0-301F-11D3-BF4B-00C04F79EFBC}") = "DHBWin-Neu", "DHBWin-Neu\DHBWin-Neu.csproj", "{B6B09F1A-3A80-4382-B0A1-AA87E25FD8BC}"
EndProject
Global
	GlobalSection(SolutionConfigurationPlatforms) = preSolution
		Debug|Any CPU = Debug|Any CPU
		Release|Any CPU = Release|Any CPU
	EndGlobalSection
	GlobalSection(ProjectConfigurationPlatforms) = postSolution
		{B6B09F1A-3A80-4382-B0A1-AA87E25FD8BC}.Debug|Any CPU.ActiveCfg = Debug|Any CPU
		{B6B09F1A-3A80-4382-B0A1-AA87E25FD8BC}.Debug|Any CPU.Build.0 = Debug|Any CPU
		{B6B09F1A-3A80-4382-B0A1-AA87E25FD8BC}.Release|Any CPU.ActiveCfg = Release|Any CPU
		{B6B09F1A-3A80-4382-B0A1-AA87E25FD8BC}.Release|Any CPU.Build.0 = Release|Any CPU
	EndGlobalSection
	GlobalSection(SolutionProperties) = preSolution
		HideSolutionNode = FALSE
	EndGlobalSection
	GlobalSection(ExtensibilityGlobals) = postSolution
		SolutionGuid = {C73103A1-EBE1-4D22-BE87-33082001CB41}
	EndGlobalSection
EndGlobal
